
Microsoft Visual Studio Solution File, Format Version 12.00
# Visual Studio Version 17
VisualStudioVersion = 17.11.35222.181
MinimumVisualStudioVersion = 10.0.40219.1
Project("{9A19103F-16F7-4668-BE54-9A1E7A4F7556}") = "BallCom", "BallCom\BallCom.csproj", "{01440243-93C9-46BD-9921-04C6C6852AB0}"
EndProject
Project("{9A19103F-16F7-4668-BE54-9A1E7A4F7556}") = "BallCom.API", "BallCom.API\BallCom.API.csproj", "{27AA529A-BAC3-4E82-9BE1-4061EA34DB30}"
EndProject
Project("{9A19103F-16F7-4668-BE54-9A1E7A4F7556}") = "BallCom.Ordering.API", "BallCom.Ordering.API\BallCom.Ordering.API.csproj", "{6B04EC8D-2F94-4FB8-A72D-65AD8DFE1661}"
EndProject
Project("{FAE04EC0-301F-11D3-BF4B-00C04F79EFBC}") = "BallCom.Catalog.API", "BallCom.Catalog.API\BallCom.Catalog.API.csproj", "{B858D784-32B0-4DD8-8116-39140BD67FE6}"
EndProject
Project("{FAE04EC0-301F-11D3-BF4B-00C04F79EFBC}") = "BallCom.Supplier.API", "BallCom.Supplier.API\BallCom.Supplier.API.csproj", "{6A00E665-6E4D-4D43-A96E-C3B9FF80AD7F}"
EndProject
Project("{FAE04EC0-301F-11D3-BF4B-00C04F79EFBC}") = "BallCom.Payment.API", "BallCom.Payment.API\BallCom.Payment.API.csproj", "{03258ECF-4CE9-417E-A935-1ADB992998D5}"
EndProject
Project("{FAE04EC0-301F-11D3-BF4B-00C04F79EFBC}") = "BallCom.Warehouse.API", "BallCom.Warehouse.API\BallCom.Warehouse.API.csproj", "{2C893205-D73B-4829-9F12-EA4AE94F383B}"
EndProject
Project("{FAE04EC0-301F-11D3-BF4B-00C04F79EFBC}") = "BallCom.WarehousePortal.API", "BallCom.WarehousePortal.API\BallCom.WarehousePortal.API.csproj", "{C3BC9BA8-8EED-422D-A724-F39741A10C25}"
EndProject
Project("{FAE04EC0-301F-11D3-BF4B-00C04F79EFBC}") = "BallCom.CustomerServicePortal.API", "BallCom.CustomerServicePortal.API\BallCom.CustomerServicePortal.API.csproj", "{FD18993C-EB74-4EB8-BE11-887DDE5C1C13}"
EndProject
Project("{FAE04EC0-301F-11D3-BF4B-00C04F79EFBC}") = "BallCom.CustomerService.API", "BallCom.CustomerService.API\BallCom.CustomerService.API.csproj", "{B4F27CD9-2AAF-4AA8-8E04-C99F913355FA}"
EndProject
Project("{FAE04EC0-301F-11D3-BF4B-00C04F79EFBC}") = "BallCom.Logistics.API", "BallCom.Logistics.API\BallCom.Logistics.API.csproj", "{4B588725-4276-439A-A2E8-1CEC9C961C34}"
EndProject
Global
	GlobalSection(SolutionConfigurationPlatforms) = preSolution
		Debug|Any CPU = Debug|Any CPU
		Debug|x64 = Debug|x64
		Debug|x86 = Debug|x86
		Release|Any CPU = Release|Any CPU
		Release|x64 = Release|x64
		Release|x86 = Release|x86
	EndGlobalSection
	GlobalSection(ProjectConfigurationPlatforms) = postSolution
		{01440243-93C9-46BD-9921-04C6C6852AB0}.Debug|Any CPU.ActiveCfg = Debug|Any CPU
		{01440243-93C9-46BD-9921-04C6C6852AB0}.Debug|Any CPU.Build.0 = Debug|Any CPU
		{01440243-93C9-46BD-9921-04C6C6852AB0}.Debug|x64.ActiveCfg = Debug|Any CPU
		{01440243-93C9-46BD-9921-04C6C6852AB0}.Debug|x64.Build.0 = Debug|Any CPU
		{01440243-93C9-46BD-9921-04C6C6852AB0}.Debug|x86.ActiveCfg = Debug|Any CPU
		{01440243-93C9-46BD-9921-04C6C6852AB0}.Debug|x86.Build.0 = Debug|Any CPU
		{01440243-93C9-46BD-9921-04C6C6852AB0}.Release|Any CPU.ActiveCfg = Release|Any CPU
		{01440243-93C9-46BD-9921-04C6C6852AB0}.Release|Any CPU.Build.0 = Release|Any CPU
		{01440243-93C9-46BD-9921-04C6C6852AB0}.Release|x64.ActiveCfg = Release|Any CPU
		{01440243-93C9-46BD-9921-04C6C6852AB0}.Release|x64.Build.0 = Release|Any CPU
		{01440243-93C9-46BD-9921-04C6C6852AB0}.Release|x86.ActiveCfg = Release|Any CPU
		{01440243-93C9-46BD-9921-04C6C6852AB0}.Release|x86.Build.0 = Release|Any CPU
		{27AA529A-BAC3-4E82-9BE1-4061EA34DB30}.Debug|Any CPU.ActiveCfg = Debug|Any CPU
		{27AA529A-BAC3-4E82-9BE1-4061EA34DB30}.Debug|Any CPU.Build.0 = Debug|Any CPU
		{27AA529A-BAC3-4E82-9BE1-4061EA34DB30}.Debug|x64.ActiveCfg = Debug|Any CPU
		{27AA529A-BAC3-4E82-9BE1-4061EA34DB30}.Debug|x64.Build.0 = Debug|Any CPU
		{27AA529A-BAC3-4E82-9BE1-4061EA34DB30}.Debug|x86.ActiveCfg = Debug|Any CPU
		{27AA529A-BAC3-4E82-9BE1-4061EA34DB30}.Debug|x86.Build.0 = Debug|Any CPU
		{27AA529A-BAC3-4E82-9BE1-4061EA34DB30}.Release|Any CPU.ActiveCfg = Release|Any CPU
		{27AA529A-BAC3-4E82-9BE1-4061EA34DB30}.Release|Any CPU.Build.0 = Release|Any CPU
		{27AA529A-BAC3-4E82-9BE1-4061EA34DB30}.Release|x64.ActiveCfg = Release|Any CPU
		{27AA529A-BAC3-4E82-9BE1-4061EA34DB30}.Release|x64.Build.0 = Release|Any CPU
		{27AA529A-BAC3-4E82-9BE1-4061EA34DB30}.Release|x86.ActiveCfg = Release|Any CPU
		{27AA529A-BAC3-4E82-9BE1-4061EA34DB30}.Release|x86.Build.0 = Release|Any CPU
		{6B04EC8D-2F94-4FB8-A72D-65AD8DFE1661}.Debug|Any CPU.ActiveCfg = Debug|Any CPU
		{6B04EC8D-2F94-4FB8-A72D-65AD8DFE1661}.Debug|Any CPU.Build.0 = Debug|Any CPU
		{6B04EC8D-2F94-4FB8-A72D-65AD8DFE1661}.Debug|x64.ActiveCfg = Debug|Any CPU
		{6B04EC8D-2F94-4FB8-A72D-65AD8DFE1661}.Debug|x64.Build.0 = Debug|Any CPU
		{6B04EC8D-2F94-4FB8-A72D-65AD8DFE1661}.Debug|x86.ActiveCfg = Debug|Any CPU
		{6B04EC8D-2F94-4FB8-A72D-65AD8DFE1661}.Debug|x86.Build.0 = Debug|Any CPU
		{6B04EC8D-2F94-4FB8-A72D-65AD8DFE1661}.Release|Any CPU.ActiveCfg = Release|Any CPU
		{6B04EC8D-2F94-4FB8-A72D-65AD8DFE1661}.Release|Any CPU.Build.0 = Release|Any CPU
		{6B04EC8D-2F94-4FB8-A72D-65AD8DFE1661}.Release|x64.ActiveCfg = Release|Any CPU
		{6B04EC8D-2F94-4FB8-A72D-65AD8DFE1661}.Release|x64.Build.0 = Release|Any CPU
		{6B04EC8D-2F94-4FB8-A72D-65AD8DFE1661}.Release|x86.ActiveCfg = Release|Any CPU
		{6B04EC8D-2F94-4FB8-A72D-65AD8DFE1661}.Release|x86.Build.0 = Release|Any CPU
		{B858D784-32B0-4DD8-8116-39140BD67FE6}.Debug|Any CPU.ActiveCfg = Debug|Any CPU
		{B858D784-32B0-4DD8-8116-39140BD67FE6}.Debug|Any CPU.Build.0 = Debug|Any CPU
		{B858D784-32B0-4DD8-8116-39140BD67FE6}.Debug|x64.ActiveCfg = Debug|Any CPU
		{B858D784-32B0-4DD8-8116-39140BD67FE6}.Debug|x64.Build.0 = Debug|Any CPU
		{B858D784-32B0-4DD8-8116-39140BD67FE6}.Debug|x86.ActiveCfg = Debug|Any CPU
		{B858D784-32B0-4DD8-8116-39140BD67FE6}.Debug|x86.Build.0 = Debug|Any CPU
		{B858D784-32B0-4DD8-8116-39140BD67FE6}.Release|Any CPU.ActiveCfg = Release|Any CPU
		{B858D784-32B0-4DD8-8116-39140BD67FE6}.Release|Any CPU.Build.0 = Release|Any CPU
		{B858D784-32B0-4DD8-8116-39140BD67FE6}.Release|x64.ActiveCfg = Release|Any CPU
		{B858D784-32B0-4DD8-8116-39140BD67FE6}.Release|x64.Build.0 = Release|Any CPU
		{B858D784-32B0-4DD8-8116-39140BD67FE6}.Release|x86.ActiveCfg = Release|Any CPU
		{B858D784-32B0-4DD8-8116-39140BD67FE6}.Release|x86.Build.0 = Release|Any CPU
		{6A00E665-6E4D-4D43-A96E-C3B9FF80AD7F}.Debug|Any CPU.ActiveCfg = Debug|Any CPU
		{6A00E665-6E4D-4D43-A96E-C3B9FF80AD7F}.Debug|Any CPU.Build.0 = Debug|Any CPU
		{6A00E665-6E4D-4D43-A96E-C3B9FF80AD7F}.Debug|x64.ActiveCfg = Debug|Any CPU
		{6A00E665-6E4D-4D43-A96E-C3B9FF80AD7F}.Debug|x64.Build.0 = Debug|Any CPU
		{6A00E665-6E4D-4D43-A96E-C3B9FF80AD7F}.Debug|x86.ActiveCfg = Debug|Any CPU
		{6A00E665-6E4D-4D43-A96E-C3B9FF80AD7F}.Debug|x86.Build.0 = Debug|Any CPU
		{6A00E665-6E4D-4D43-A96E-C3B9FF80AD7F}.Release|Any CPU.ActiveCfg = Release|Any CPU
		{6A00E665-6E4D-4D43-A96E-C3B9FF80AD7F}.Release|Any CPU.Build.0 = Release|Any CPU
		{6A00E665-6E4D-4D43-A96E-C3B9FF80AD7F}.Release|x64.ActiveCfg = Release|Any CPU
		{6A00E665-6E4D-4D43-A96E-C3B9FF80AD7F}.Release|x64.Build.0 = Release|Any CPU
		{6A00E665-6E4D-4D43-A96E-C3B9FF80AD7F}.Release|x86.ActiveCfg = Release|Any CPU
		{6A00E665-6E4D-4D43-A96E-C3B9FF80AD7F}.Release|x86.Build.0 = Release|Any CPU
		{03258ECF-4CE9-417E-A935-1ADB992998D5}.Debug|Any CPU.ActiveCfg = Debug|Any CPU
		{03258ECF-4CE9-417E-A935-1ADB992998D5}.Debug|Any CPU.Build.0 = Debug|Any CPU
		{03258ECF-4CE9-417E-A935-1ADB992998D5}.Debug|x64.ActiveCfg = Debug|Any CPU
		{03258ECF-4CE9-417E-A935-1ADB992998D5}.Debug|x64.Build.0 = Debug|Any CPU
		{03258ECF-4CE9-417E-A935-1ADB992998D5}.Debug|x86.ActiveCfg = Debug|Any CPU
		{03258ECF-4CE9-417E-A935-1ADB992998D5}.Debug|x86.Build.0 = Debug|Any CPU
		{03258ECF-4CE9-417E-A935-1ADB992998D5}.Release|Any CPU.ActiveCfg = Release|Any CPU
		{03258ECF-4CE9-417E-A935-1ADB992998D5}.Release|Any CPU.Build.0 = Release|Any CPU
		{03258ECF-4CE9-417E-A935-1ADB992998D5}.Release|x64.ActiveCfg = Release|Any CPU
		{03258ECF-4CE9-417E-A935-1ADB992998D5}.Release|x64.Build.0 = Release|Any CPU
		{03258ECF-4CE9-417E-A935-1ADB992998D5}.Release|x86.ActiveCfg = Release|Any CPU
		{03258ECF-4CE9-417E-A935-1ADB992998D5}.Release|x86.Build.0 = Release|Any CPU
		{2C893205-D73B-4829-9F12-EA4AE94F383B}.Debug|Any CPU.ActiveCfg = Debug|Any CPU
		{2C893205-D73B-4829-9F12-EA4AE94F383B}.Debug|Any CPU.Build.0 = Debug|Any CPU
		{2C893205-D73B-4829-9F12-EA4AE94F383B}.Debug|x64.ActiveCfg = Debug|Any CPU
		{2C893205-D73B-4829-9F12-EA4AE94F383B}.Debug|x64.Build.0 = Debug|Any CPU
		{2C893205-D73B-4829-9F12-EA4AE94F383B}.Debug|x86.ActiveCfg = Debug|Any CPU
		{2C893205-D73B-4829-9F12-EA4AE94F383B}.Debug|x86.Build.0 = Debug|Any CPU
		{2C893205-D73B-4829-9F12-EA4AE94F383B}.Release|Any CPU.ActiveCfg = Release|Any CPU
		{2C893205-D73B-4829-9F12-EA4AE94F383B}.Release|Any CPU.Build.0 = Release|Any CPU
		{2C893205-D73B-4829-9F12-EA4AE94F383B}.Release|x64.ActiveCfg = Release|Any CPU
		{2C893205-D73B-4829-9F12-EA4AE94F383B}.Release|x64.Build.0 = Release|Any CPU
		{2C893205-D73B-4829-9F12-EA4AE94F383B}.Release|x86.ActiveCfg = Release|Any CPU
		{2C893205-D73B-4829-9F12-EA4AE94F383B}.Release|x86.Build.0 = Release|Any CPU
		{C3BC9BA8-8EED-422D-A724-F39741A10C25}.Debug|Any CPU.ActiveCfg = Debug|Any CPU
		{C3BC9BA8-8EED-422D-A724-F39741A10C25}.Debug|Any CPU.Build.0 = Debug|Any CPU
		{C3BC9BA8-8EED-422D-A724-F39741A10C25}.Debug|x64.ActiveCfg = Debug|Any CPU
		{C3BC9BA8-8EED-422D-A724-F39741A10C25}.Debug|x64.Build.0 = Debug|Any CPU
		{C3BC9BA8-8EED-422D-A724-F39741A10C25}.Debug|x86.ActiveCfg = Debug|Any CPU
		{C3BC9BA8-8EED-422D-A724-F39741A10C25}.Debug|x86.Build.0 = Debug|Any CPU
		{C3BC9BA8-8EED-422D-A724-F39741A10C25}.Release|Any CPU.ActiveCfg = Release|Any CPU
		{C3BC9BA8-8EED-422D-A724-F39741A10C25}.Release|Any CPU.Build.0 = Release|Any CPU
		{C3BC9BA8-8EED-422D-A724-F39741A10C25}.Release|x64.ActiveCfg = Release|Any CPU
		{C3BC9BA8-8EED-422D-A724-F39741A10C25}.Release|x64.Build.0 = Release|Any CPU
		{C3BC9BA8-8EED-422D-A724-F39741A10C25}.Release|x86.ActiveCfg = Release|Any CPU
		{C3BC9BA8-8EED-422D-A724-F39741A10C25}.Release|x86.Build.0 = Release|Any CPU
		{FD18993C-EB74-4EB8-BE11-887DDE5C1C13}.Debug|Any CPU.ActiveCfg = Debug|Any CPU
		{FD18993C-EB74-4EB8-BE11-887DDE5C1C13}.Debug|Any CPU.Build.0 = Debug|Any CPU
		{FD18993C-EB74-4EB8-BE11-887DDE5C1C13}.Debug|x64.ActiveCfg = Debug|Any CPU
		{FD18993C-EB74-4EB8-BE11-887DDE5C1C13}.Debug|x64.Build.0 = Debug|Any CPU
		{FD18993C-EB74-4EB8-BE11-887DDE5C1C13}.Debug|x86.ActiveCfg = Debug|Any CPU
		{FD18993C-EB74-4EB8-BE11-887DDE5C1C13}.Debug|x86.Build.0 = Debug|Any CPU
		{FD18993C-EB74-4EB8-BE11-887DDE5C1C13}.Release|Any CPU.ActiveCfg = Release|Any CPU
		{FD18993C-EB74-4EB8-BE11-887DDE5C1C13}.Release|Any CPU.Build.0 = Release|Any CPU
		{FD18993C-EB74-4EB8-BE11-887DDE5C1C13}.Release|x64.ActiveCfg = Release|Any CPU
		{FD18993C-EB74-4EB8-BE11-887DDE5C1C13}.Release|x64.Build.0 = Release|Any CPU
		{FD18993C-EB74-4EB8-BE11-887DDE5C1C13}.Release|x86.ActiveCfg = Release|Any CPU
		{FD18993C-EB74-4EB8-BE11-887DDE5C1C13}.Release|x86.Build.0 = Release|Any CPU
		{B4F27CD9-2AAF-4AA8-8E04-C99F913355FA}.Debug|Any CPU.ActiveCfg = Debug|Any CPU
		{B4F27CD9-2AAF-4AA8-8E04-C99F913355FA}.Debug|Any CPU.Build.0 = Debug|Any CPU
		{B4F27CD9-2AAF-4AA8-8E04-C99F913355FA}.Debug|x64.ActiveCfg = Debug|Any CPU
		{B4F27CD9-2AAF-4AA8-8E04-C99F913355FA}.Debug|x64.Build.0 = Debug|Any CPU
		{B4F27CD9-2AAF-4AA8-8E04-C99F913355FA}.Debug|x86.ActiveCfg = Debug|Any CPU
		{B4F27CD9-2AAF-4AA8-8E04-C99F913355FA}.Debug|x86.Build.0 = Debug|Any CPU
		{B4F27CD9-2AAF-4AA8-8E04-C99F913355FA}.Release|Any CPU.ActiveCfg = Release|Any CPU
		{B4F27CD9-2AAF-4AA8-8E04-C99F913355FA}.Release|Any CPU.Build.0 = Release|Any CPU
		{B4F27CD9-2AAF-4AA8-8E04-C99F913355FA}.Release|x64.ActiveCfg = Release|Any CPU
		{B4F27CD9-2AAF-4AA8-8E04-C99F913355FA}.Release|x64.Build.0 = Release|Any CPU
		{B4F27CD9-2AAF-4AA8-8E04-C99F913355FA}.Release|x86.ActiveCfg = Release|Any CPU
		{B4F27CD9-2AAF-4AA8-8E04-C99F913355FA}.Release|x86.Build.0 = Release|Any CPU
		{4B588725-4276-439A-A2E8-1CEC9C961C34}.Debug|Any CPU.ActiveCfg = Debug|Any CPU
		{4B588725-4276-439A-A2E8-1CEC9C961C34}.Debug|Any CPU.Build.0 = Debug|Any CPU
		{4B588725-4276-439A-A2E8-1CEC9C961C34}.Debug|x64.ActiveCfg = Debug|Any CPU
		{4B588725-4276-439A-A2E8-1CEC9C961C34}.Debug|x64.Build.0 = Debug|Any CPU
		{4B588725-4276-439A-A2E8-1CEC9C961C34}.Debug|x86.ActiveCfg = Debug|Any CPU
		{4B588725-4276-439A-A2E8-1CEC9C961C34}.Debug|x86.Build.0 = Debug|Any CPU
		{4B588725-4276-439A-A2E8-1CEC9C961C34}.Release|Any CPU.ActiveCfg = Release|Any CPU
		{4B588725-4276-439A-A2E8-1CEC9C961C34}.Release|Any CPU.Build.0 = Release|Any CPU
		{4B588725-4276-439A-A2E8-1CEC9C961C34}.Release|x64.ActiveCfg = Release|Any CPU
		{4B588725-4276-439A-A2E8-1CEC9C961C34}.Release|x64.Build.0 = Release|Any CPU
		{4B588725-4276-439A-A2E8-1CEC9C961C34}.Release|x86.ActiveCfg = Release|Any CPU
		{4B588725-4276-439A-A2E8-1CEC9C961C34}.Release|x86.Build.0 = Release|Any CPU
	EndGlobalSection
	GlobalSection(SolutionProperties) = preSolution
		HideSolutionNode = FALSE
	EndGlobalSection
	GlobalSection(ExtensibilityGlobals) = postSolution
		SolutionGuid = {0D39B02A-0772-49B7-8615-35E460B78B4B}
	EndGlobalSection
EndGlobal
